
Microsoft Visual Studio Solution File, Format Version 12.00
# Visual Studio Version 17
VisualStudioVersion = 17.0.31903.59
MinimumVisualStudioVersion = 10.0.40219.1
Project("{2150E333-8FDC-42A3-9474-1A3956D46DE8}") = "src", "src", "{827E0CD3-B72D-47B6-A68D-7590B98EB39B}"
EndProject
Project("{FAE04EC0-301F-11D3-BF4B-00C04F79EFBC}") = "API", "src\API\API.csproj", "{BAE7BCC9-EB87-40D7-9920-B39D3E872A39}"
EndProject
Project("{FAE04EC0-301F-11D3-BF4B-00C04F79EFBC}") = "Application", "src\Application\Application.csproj", "{ECA4E0B6-FEE2-49AB-9411-C2F090A7AA59}"
EndProject
Project("{FAE04EC0-301F-11D3-BF4B-00C04F79EFBC}") = "Domain", "src\Domain\Domain.csproj", "{6FDCDC9C-BFC6-4CEC-B237-2578D4301576}"
EndProject
Project("{FAE04EC0-301F-11D3-BF4B-00C04F79EFBC}") = "Infrastructure", "src\Infrastructure\Infrastructure.csproj", "{D93820A8-C679-44D5-B50C-14FE462BF9CC}"
EndProject
Project("{FAE04EC0-301F-11D3-BF4B-00C04F79EFBC}") = "API.Tests", "tests\API.Tests\API.Tests.csproj", "{444FF508-4280-4215-A451-BE3A42F6DB09}"
EndProject
Project("{FAE04EC0-301F-11D3-BF4B-00C04F79EFBC}") = "Application.Tests", "tests\Application.Tests\Application.Tests.csproj", "{192FA6C4-DDB3-4208-B685-43366EA62E5A}"
EndProject
Global
	GlobalSection(SolutionConfigurationPlatforms) = preSolution
		Debug|Any CPU = Debug|Any CPU
		Debug|x64 = Debug|x64
		Debug|x86 = Debug|x86
		Release|Any CPU = Release|Any CPU
		Release|x64 = Release|x64
		Release|x86 = Release|x86
	EndGlobalSection
	GlobalSection(ProjectConfigurationPlatforms) = postSolution
		{BAE7BCC9-EB87-40D7-9920-B39D3E872A39}.Debug|Any CPU.ActiveCfg = Debug|Any CPU
		{BAE7BCC9-EB87-40D7-9920-B39D3E872A39}.Debug|Any CPU.Build.0 = Debug|Any CPU
		{BAE7BCC9-EB87-40D7-9920-B39D3E872A39}.Debug|x64.ActiveCfg = Debug|Any CPU
		{BAE7BCC9-EB87-40D7-9920-B39D3E872A39}.Debug|x64.Build.0 = Debug|Any CPU
		{BAE7BCC9-EB87-40D7-9920-B39D3E872A39}.Debug|x86.ActiveCfg = Debug|Any CPU
		{BAE7BCC9-EB87-40D7-9920-B39D3E872A39}.Debug|x86.Build.0 = Debug|Any CPU
		{BAE7BCC9-EB87-40D7-9920-B39D3E872A39}.Release|Any CPU.ActiveCfg = Release|Any CPU
		{BAE7BCC9-EB87-40D7-9920-B39D3E872A39}.Release|Any CPU.Build.0 = Release|Any CPU
		{BAE7BCC9-EB87-40D7-9920-B39D3E872A39}.Release|x64.ActiveCfg = Release|Any CPU
		{BAE7BCC9-EB87-40D7-9920-B39D3E872A39}.Release|x64.Build.0 = Release|Any CPU
		{BAE7BCC9-EB87-40D7-9920-B39D3E872A39}.Release|x86.ActiveCfg = Release|Any CPU
		{BAE7BCC9-EB87-40D7-9920-B39D3E872A39}.Release|x86.Build.0 = Release|Any CPU
		{ECA4E0B6-FEE2-49AB-9411-C2F090A7AA59}.Debug|Any CPU.ActiveCfg = Debug|Any CPU
		{ECA4E0B6-FEE2-49AB-9411-C2F090A7AA59}.Debug|Any CPU.Build.0 = Debug|Any CPU
		{ECA4E0B6-FEE2-49AB-9411-C2F090A7AA59}.Debug|x64.ActiveCfg = Debug|Any CPU
		{ECA4E0B6-FEE2-49AB-9411-C2F090A7AA59}.Debug|x64.Build.0 = Debug|Any CPU
		{ECA4E0B6-FEE2-49AB-9411-C2F090A7AA59}.Debug|x86.ActiveCfg = Debug|Any CPU
		{ECA4E0B6-FEE2-49AB-9411-C2F090A7AA59}.Debug|x86.Build.0 = Debug|Any CPU
		{ECA4E0B6-FEE2-49AB-9411-C2F090A7AA59}.Release|Any CPU.ActiveCfg = Release|Any CPU
		{ECA4E0B6-FEE2-49AB-9411-C2F090A7AA59}.Release|Any CPU.Build.0 = Release|Any CPU
		{ECA4E0B6-FEE2-49AB-9411-C2F090A7AA59}.Release|x64.ActiveCfg = Release|Any CPU
		{ECA4E0B6-FEE2-49AB-9411-C2F090A7AA59}.Release|x64.Build.0 = Release|Any CPU
		{ECA4E0B6-FEE2-49AB-9411-C2F090A7AA59}.Release|x86.ActiveCfg = Release|Any CPU
		{ECA4E0B6-FEE2-49AB-9411-C2F090A7AA59}.Release|x86.Build.0 = Release|Any CPU
		{6FDCDC9C-BFC6-4CEC-B237-2578D4301576}.Debug|Any CPU.ActiveCfg = Debug|Any CPU
		{6FDCDC9C-BFC6-4CEC-B237-2578D4301576}.Debug|Any CPU.Build.0 = Debug|Any CPU
		{6FDCDC9C-BFC6-4CEC-B237-2578D4301576}.Debug|x64.ActiveCfg = Debug|Any CPU
		{6FDCDC9C-BFC6-4CEC-B237-2578D4301576}.Debug|x64.Build.0 = Debug|Any CPU
		{6FDCDC9C-BFC6-4CEC-B237-2578D4301576}.Debug|x86.ActiveCfg = Debug|Any CPU
		{6FDCDC9C-BFC6-4CEC-B237-2578D4301576}.Debug|x86.Build.0 = Debug|Any CPU
		{6FDCDC9C-BFC6-4CEC-B237-2578D4301576}.Release|Any CPU.ActiveCfg = Release|Any CPU
		{6FDCDC9C-BFC6-4CEC-B237-2578D4301576}.Release|Any CPU.Build.0 = Release|Any CPU
		{6FDCDC9C-BFC6-4CEC-B237-2578D4301576}.Release|x64.ActiveCfg = Release|Any CPU
		{6FDCDC9C-BFC6-4CEC-B237-2578D4301576}.Release|x64.Build.0 = Release|Any CPU
		{6FDCDC9C-BFC6-4CEC-B237-2578D4301576}.Release|x86.ActiveCfg = Release|Any CPU
		{6FDCDC9C-BFC6-4CEC-B237-2578D4301576}.Release|x86.Build.0 = Release|Any CPU
		{D93820A8-C679-44D5-B50C-14FE462BF9CC}.Debug|Any CPU.ActiveCfg = Debug|Any CPU
		{D93820A8-C679-44D5-B50C-14FE462BF9CC}.Debug|Any CPU.Build.0 = Debug|Any CPU
		{D93820A8-C679-44D5-B50C-14FE462BF9CC}.Debug|x64.ActiveCfg = Debug|Any CPU
		{D93820A8-C679-44D5-B50C-14FE462BF9CC}.Debug|x64.Build.0 = Debug|Any CPU
		{D93820A8-C679-44D5-B50C-14FE462BF9CC}.Debug|x86.ActiveCfg = Debug|Any CPU
		{D93820A8-C679-44D5-B50C-14FE462BF9CC}.Debug|x86.Build.0 = Debug|Any CPU
		{D93820A8-C679-44D5-B50C-14FE462BF9CC}.Release|Any CPU.ActiveCfg = Release|Any CPU
		{D93820A8-C679-44D5-B50C-14FE462BF9CC}.Release|Any CPU.Build.0 = Release|Any CPU
		{D93820A8-C679-44D5-B50C-14FE462BF9CC}.Release|x64.ActiveCfg = Release|Any CPU
		{D93820A8-C679-44D5-B50C-14FE462BF9CC}.Release|x64.Build.0 = Release|Any CPU
		{D93820A8-C679-44D5-B50C-14FE462BF9CC}.Release|x86.ActiveCfg = Release|Any CPU
		{D93820A8-C679-44D5-B50C-14FE462BF9CC}.Release|x86.Build.0 = Release|Any CPU
		{444FF508-4280-4215-A451-BE3A42F6DB09}.Debug|Any CPU.ActiveCfg = Debug|Any CPU
		{444FF508-4280-4215-A451-BE3A42F6DB09}.Debug|Any CPU.Build.0 = Debug|Any CPU
		{444FF508-4280-4215-A451-BE3A42F6DB09}.Debug|x64.ActiveCfg = Debug|Any CPU
		{444FF508-4280-4215-A451-BE3A42F6DB09}.Debug|x64.Build.0 = Debug|Any CPU
		{444FF508-4280-4215-A451-BE3A42F6DB09}.Debug|x86.ActiveCfg = Debug|Any CPU
		{444FF508-4280-4215-A451-BE3A42F6DB09}.Debug|x86.Build.0 = Debug|Any CPU
		{444FF508-4280-4215-A451-BE3A42F6DB09}.Release|Any CPU.ActiveCfg = Release|Any CPU
		{444FF508-4280-4215-A451-BE3A42F6DB09}.Release|Any CPU.Build.0 = Release|Any CPU
		{444FF508-4280-4215-A451-BE3A42F6DB09}.Release|x64.ActiveCfg = Release|Any CPU
		{444FF508-4280-4215-A451-BE3A42F6DB09}.Release|x64.Build.0 = Release|Any CPU
		{444FF508-4280-4215-A451-BE3A42F6DB09}.Release|x86.ActiveCfg = Release|Any CPU
		{444FF508-4280-4215-A451-BE3A42F6DB09}.Release|x86.Build.0 = Release|Any CPU
		{192FA6C4-DDB3-4208-B685-43366EA62E5A}.Debug|Any CPU.ActiveCfg = Debug|Any CPU
		{192FA6C4-DDB3-4208-B685-43366EA62E5A}.Debug|Any CPU.Build.0 = Debug|Any CPU
		{192FA6C4-DDB3-4208-B685-43366EA62E5A}.Debug|x64.ActiveCfg = Debug|Any CPU
		{192FA6C4-DDB3-4208-B685-43366EA62E5A}.Debug|x64.Build.0 = Debug|Any CPU
		{192FA6C4-DDB3-4208-B685-43366EA62E5A}.Debug|x86.ActiveCfg = Debug|Any CPU
		{192FA6C4-DDB3-4208-B685-43366EA62E5A}.Debug|x86.Build.0 = Debug|Any CPU
		{192FA6C4-DDB3-4208-B685-43366EA62E5A}.Release|Any CPU.ActiveCfg = Release|Any CPU
		{192FA6C4-DDB3-4208-B685-43366EA62E5A}.Release|Any CPU.Build.0 = Release|Any CPU
		{192FA6C4-DDB3-4208-B685-43366EA62E5A}.Release|x64.ActiveCfg = Release|Any CPU
		{192FA6C4-DDB3-4208-B685-43366EA62E5A}.Release|x64.Build.0 = Release|Any CPU
		{192FA6C4-DDB3-4208-B685-43366EA62E5A}.Release|x86.ActiveCfg = Release|Any CPU
		{192FA6C4-DDB3-4208-B685-43366EA62E5A}.Release|x86.Build.0 = Release|Any CPU
	EndGlobalSection
	GlobalSection(SolutionProperties) = preSolution
		HideSolutionNode = FALSE
	EndGlobalSection
	GlobalSection(NestedProjects) = preSolution
		{BAE7BCC9-EB87-40D7-9920-B39D3E872A39} = {827E0CD3-B72D-47B6-A68D-7590B98EB39B}
		{ECA4E0B6-FEE2-49AB-9411-C2F090A7AA59} = {827E0CD3-B72D-47B6-A68D-7590B98EB39B}
		{6FDCDC9C-BFC6-4CEC-B237-2578D4301576} = {827E0CD3-B72D-47B6-A68D-7590B98EB39B}
		{D93820A8-C679-44D5-B50C-14FE462BF9CC} = {827E0CD3-B72D-47B6-A68D-7590B98EB39B}
		{444FF508-4280-4215-A451-BE3A42F6DB09} = {827E0CD3-B72D-47B6-A68D-7590B98EB39B}
		{192FA6C4-DDB3-4208-B685-43366EA62E5A} = {827E0CD3-B72D-47B6-A68D-7590B98EB39B}
	EndGlobalSection
EndGlobal
